
Microsoft Visual Studio Solution File, Format Version 12.00
# Visual Studio 15
VisualStudioVersion = 15.0.27428.2015
MinimumVisualStudioVersion = 10.0.40219.1
Project("{FAE04EC0-301F-11D3-BF4B-00C04F79EFBC}") = "IAD_zad2", "IAD_zad2\IAD_zad2.csproj", "{28F41F12-6CDD-45F3-893D-61C570A81753}"
EndProject
Project("{FAE04EC0-301F-11D3-BF4B-00C04F79EFBC}") = "IAD_zad2_tests", "IAD_zad2_tests\IAD_zad2_tests.csproj", "{B1C571D5-D281-40FF-8A67-45EEDF1C93A9}"
EndProject
Project("{FAE04EC0-301F-11D3-BF4B-00C04F79EFBC}") = "View", "View\View.csproj", "{D1C2CBD2-8A52-4807-B1BB-79B6456B0DEA}"
EndProject
Global
	GlobalSection(SolutionConfigurationPlatforms) = preSolution
		Debug|Any CPU = Debug|Any CPU
		Release|Any CPU = Release|Any CPU
	EndGlobalSection
	GlobalSection(ProjectConfigurationPlatforms) = postSolution
		{28F41F12-6CDD-45F3-893D-61C570A81753}.Debug|Any CPU.ActiveCfg = Debug|Any CPU
		{28F41F12-6CDD-45F3-893D-61C570A81753}.Debug|Any CPU.Build.0 = Debug|Any CPU
		{28F41F12-6CDD-45F3-893D-61C570A81753}.Release|Any CPU.ActiveCfg = Release|Any CPU
		{28F41F12-6CDD-45F3-893D-61C570A81753}.Release|Any CPU.Build.0 = Release|Any CPU
		{B1C571D5-D281-40FF-8A67-45EEDF1C93A9}.Debug|Any CPU.ActiveCfg = Debug|Any CPU
		{B1C571D5-D281-40FF-8A67-45EEDF1C93A9}.Debug|Any CPU.Build.0 = Debug|Any CPU
		{B1C571D5-D281-40FF-8A67-45EEDF1C93A9}.Release|Any CPU.ActiveCfg = Release|Any CPU
		{B1C571D5-D281-40FF-8A67-45EEDF1C93A9}.Release|Any CPU.Build.0 = Release|Any CPU
		{D1C2CBD2-8A52-4807-B1BB-79B6456B0DEA}.Debug|Any CPU.ActiveCfg = Debug|Any CPU
		{D1C2CBD2-8A52-4807-B1BB-79B6456B0DEA}.Debug|Any CPU.Build.0 = Debug|Any CPU
		{D1C2CBD2-8A52-4807-B1BB-79B6456B0DEA}.Release|Any CPU.ActiveCfg = Release|Any CPU
		{D1C2CBD2-8A52-4807-B1BB-79B6456B0DEA}.Release|Any CPU.Build.0 = Release|Any CPU
	EndGlobalSection
	GlobalSection(SolutionProperties) = preSolution
		HideSolutionNode = FALSE
	EndGlobalSection
	GlobalSection(ExtensibilityGlobals) = postSolution
		SolutionGuid = {DAD0983E-2116-43CD-98D9-FDF79DB854B7}
	EndGlobalSection
EndGlobal
